Microsoft Visual Studio Solution File, Format Version 12.00
Project("{9A19103F-16F7-4668-BE54-9A1E7A4F7556}") = "FieldsManagement.Application", "FieldsManagement.Application\FieldsManagement.Application.csproj", "{EB7BB98C-820F-4A2D-84DD-7CB722AD7B45}"
EndProject
Project("{9A19103F-16F7-4668-BE54-9A1E7A4F7556}") = "FieldsManagement.Core", "FieldsManagement.Core\FieldsManagement.Core.csproj", "{379E1274-8C56-4D95-BBF8-00DA7FF5A64C}"
EndProject
Project("{9A19103F-16F7-4668-BE54-9A1E7A4F7556}") = "FieldsManagement.Infrastructure", "FieldsManagement.Infrastructure\FieldsManagement.Infrastructure.csproj", "{4C992DFD-8543-4B83-8DE8-E1CE3B60D908}"
EndProject
Project("{9A19103F-16F7-4668-BE54-9A1E7A4F7556}") = "FieldsManagement.WebApi", "FieldsManagement.WebApi\FieldsManagement.WebApi.csproj", "{D9856875-2EF1-4C01-93CE-EA5A6252215A}"
EndProject
Global
	GlobalSection(SolutionConfigurationPlatforms) = preSolution
		Debug|Any CPU = Debug|Any CPU
		Release|Any CPU = Release|Any CPU
	EndGlobalSection
	GlobalSection(ProjectConfigurationPlatforms) = postSolution
		{EB7BB98C-820F-4A2D-84DD-7CB722AD7B45}.Debug|Any CPU.ActiveCfg = Debug|Any CPU
		{EB7BB98C-820F-4A2D-84DD-7CB722AD7B45}.Debug|Any CPU.Build.0 = Debug|Any CPU
		{EB7BB98C-820F-4A2D-84DD-7CB722AD7B45}.Release|Any CPU.ActiveCfg = Release|Any CPU
		{EB7BB98C-820F-4A2D-84DD-7CB722AD7B45}.Release|Any CPU.Build.0 = Release|Any CPU
		{379E1274-8C56-4D95-BBF8-00DA7FF5A64C}.Debug|Any CPU.ActiveCfg = Debug|Any CPU
		{379E1274-8C56-4D95-BBF8-00DA7FF5A64C}.Debug|Any CPU.Build.0 = Debug|Any CPU
		{379E1274-8C56-4D95-BBF8-00DA7FF5A64C}.Release|Any CPU.ActiveCfg = Release|Any CPU
		{379E1274-8C56-4D95-BBF8-00DA7FF5A64C}.Release|Any CPU.Build.0 = Release|Any CPU
		{4C992DFD-8543-4B83-8DE8-E1CE3B60D908}.Debug|Any CPU.ActiveCfg = Debug|Any CPU
		{4C992DFD-8543-4B83-8DE8-E1CE3B60D908}.Debug|Any CPU.Build.0 = Debug|Any CPU
		{4C992DFD-8543-4B83-8DE8-E1CE3B60D908}.Release|Any CPU.ActiveCfg = Release|Any CPU
		{4C992DFD-8543-4B83-8DE8-E1CE3B60D908}.Release|Any CPU.Build.0 = Release|Any CPU
		{D9856875-2EF1-4C01-93CE-EA5A6252215A}.Debug|Any CPU.ActiveCfg = Debug|Any CPU
		{D9856875-2EF1-4C01-93CE-EA5A6252215A}.Debug|Any CPU.Build.0 = Debug|Any CPU
		{D9856875-2EF1-4C01-93CE-EA5A6252215A}.Release|Any CPU.ActiveCfg = Release|Any CPU
		{D9856875-2EF1-4C01-93CE-EA5A6252215A}.Release|Any CPU.Build.0 = Release|Any CPU
	EndGlobalSection
	GlobalSection(SolutionProperties) = preSolution
		HideSolutionNode = FALSE
	EndGlobalSection
	GlobalSection(ExtensibilityGlobals) = postSolution
		SolutionGuid = {B8DFAE69-828B-4099-A5E7-1CF6F6776B39}
	EndGlobalSection
EndGlobal
